github.com/go-sql-driver/mysql v1.7.0 h1:ueSltNNllEqE3qcWBTD0iQd3IpL/6U+mJxLkazJ7YPc=
github.com/go-sql-driver/mysql v1.7.0/go.mod h1:OXbVy3sEdcQ2Doequ6Z5BW6fXNQTmx+9S1MCJN5yJMI=
github.com/google/go-cmp v0.5.5 h1:Khx7svrCpmxxtHBq5j2mp/xVjsi8hQMfNLvJFAlrGgU=
github.com/j32u4ukh/cntr v1.2.3 h1:xyPCazFK0L/yFPaBUOpnS29vmYqu0C3peQIjXsAgksw=
github.com/j32u4ukh/cntr v1.2.3/go.mod h1:qRLDvji9eAH4pPKZeYu8A0HgWrRqGpCWmzi29rSEIFQ=
github.com/j32u4ukh/glog/v2 v2.0.4 h1:VuL3/cFCGTppZ89R3cXwhYCp9Udj+gRjtbXVvy8NyrA=
github.com/j32u4ukh/glog/v2 v2.0.4/go.mod h1:bTSp2wHDJWYRbf8b8oX/OmDjZ/Po0vQJdvZvH8/KsBA=
github.com/pkg/errors v0.9.1 h1:FEBLx1zS214owpjy7qsBeixbURkuhQAwrK5UwLGTwt4=
github.com/pkg/errors v0.9.1/go.mod h1:bwawxfHBFNV+L2hUp1rHADufV3IMtnDRdf1r5NINEl0=
github.com/yoheimuta/go-protoparser/v4 v4.7.0 h1:80LGfVM25sCoNDD08hv9O0ShQMjoTrIE76j5ON+gq3U=
github.com/yoheimuta/go-protoparser/v4 v4.7.0/go.mod h1:AHNNnSWnb0UoL4QgHPiOAg2BniQceFscPI5X/BZNHl8=
golang.org/x/xerrors v0.0.0-20191204190536-9bdfabe68543 h1:E7g+9GITq07hpfrRu66IVDexMakfv52eLZ2CXBWiKr4=
google.golang.org/protobuf v1.33.0 h1:uNO2rsAINq/JlFpSdYEKIZ0uKD/R9cpdv0T+yoGwGmI=
google.golang.org/protobuf v1.33.0/go.mod h1:c6P6GXX6sHbq/GpV6MGZEdwhWPcYBgnhAHhKbcUYpos=
gopkg.in/check.v1 v0.0.0-20161208181325-20d25e280405 h1:yhCVgyC4o1eVCa2tZl7eS0r+SDo693bJlVdllGtEeKM=
gopkg.in/check.v1 v0.0.0-20161208181325-20d25e280405/go.mod h1:Co6ibVJAznAaIkqp8huTwlJQCZ016jof/cbN4VW5Yz0=
gopkg.in/yaml.v2 v2.4.0 h1:D8xgwECY7CYvx+Y2n4sBz93Jn9JRvxdiyyo8CTfuKaY=
gopkg.in/yaml.v2 v2.4.0/go.mod h1:RDklbk79AGWmwhnvt/jBztapEOGDOx6ZbXqjP6csGnQ=
